
Microsoft Visual Studio Solution File, Format Version 12.00
# Visual Studio Version 17
VisualStudioVersion = 17.3.32929.385
MinimumVisualStudioVersion = 10.0.40219.1
Project("{FAE04EC0-301F-11D3-BF4B-00C04F79EFBC}") = "UCSpoofer", "UCSpoofer\UCSpoofer.csproj", "{84A9F1F5-08CA-45E8-AEA0-618F70730C2E}"
EndProject
Global
	GlobalSection(SolutionConfigurationPlatforms) = preSolution
		Debug|Any CPU = Debug|Any CPU
		Release|Any CPU = Release|Any CPU
	EndGlobalSection
	GlobalSection(ProjectConfigurationPlatforms) = postSolution
		{84A9F1F5-08CA-45E8-AEA0-618F70730C2E}.Debug|Any CPU.ActiveCfg = Debug|Any CPU
		{84A9F1F5-08CA-45E8-AEA0-618F70730C2E}.Debug|Any CPU.Build.0 = Debug|Any CPU
		{84A9F1F5-08CA-45E8-AEA0-618F70730C2E}.Release|Any CPU.ActiveCfg = Release|Any CPU
		{84A9F1F5-08CA-45E8-AEA0-618F70730C2E}.Release|Any CPU.Build.0 = Release|Any CPU
	EndGlobalSection
	GlobalSection(SolutionProperties) = preSolution
		HideSolutionNode = FALSE
	EndGlobalSection
	GlobalSection(ExtensibilityGlobals) = postSolution
		SolutionGuid = {723F0F00-C92A-4955-9B68-5B2424F8ADBE}
	EndGlobalSection
EndGlobal
